
Microsoft Visual Studio Solution File, Format Version 12.00
# Visual Studio Version 16
VisualStudioVersion = 16.0.30428.66
MinimumVisualStudioVersion = 10.0.40219.1
Project("{9A19103F-16F7-4668-BE54-9A1E7A4F7556}") = "BookStoreSampleApp.Common", "BookStoreSampleApp.Common\BookStoreSampleApp.Common.csproj", "{5005572E-40F2-4DE7-8F66-CB360E8294A5}"
EndProject
Project("{2150E333-8FDC-42A3-9474-1A3956D46DE8}") = "Solution Items", "Solution Items", "{4D2F28EF-17A8-455E-8ECB-C7D54A517677}"
	ProjectSection(SolutionItems) = preProject
		README.md = README.md
	EndProjectSection
EndProject
Project("{9A19103F-16F7-4668-BE54-9A1E7A4F7556}") = "BookStoreSampleApp.Triggered", "BookStoreSampleApp.Triggered\BookStoreSampleApp.Triggered.csproj", "{C7906203-BC54-4F34-B8A3-1CD64E66F22A}"
EndProject
Project("{9A19103F-16F7-4668-BE54-9A1E7A4F7556}") = "BookStoreSampleApp.Simple", "BookStoreSampleApp.Simple\BookStoreSampleApp.Simple.csproj", "{DD602A10-F008-406E-9BF7-4CB82F52C248}"
EndProject
Global
	GlobalSection(SolutionConfigurationPlatforms) = preSolution
		Debug|Any CPU = Debug|Any CPU
		Release|Any CPU = Release|Any CPU
	EndGlobalSection
	GlobalSection(ProjectConfigurationPlatforms) = postSolution
		{5005572E-40F2-4DE7-8F66-CB360E8294A5}.Debug|Any CPU.ActiveCfg = Debug|Any CPU
		{5005572E-40F2-4DE7-8F66-CB360E8294A5}.Debug|Any CPU.Build.0 = Debug|Any CPU
		{5005572E-40F2-4DE7-8F66-CB360E8294A5}.Release|Any CPU.ActiveCfg = Release|Any CPU
		{5005572E-40F2-4DE7-8F66-CB360E8294A5}.Release|Any CPU.Build.0 = Release|Any CPU
		{C7906203-BC54-4F34-B8A3-1CD64E66F22A}.Debug|Any CPU.ActiveCfg = Debug|Any CPU
		{C7906203-BC54-4F34-B8A3-1CD64E66F22A}.Debug|Any CPU.Build.0 = Debug|Any CPU
		{C7906203-BC54-4F34-B8A3-1CD64E66F22A}.Release|Any CPU.ActiveCfg = Release|Any CPU
		{C7906203-BC54-4F34-B8A3-1CD64E66F22A}.Release|Any CPU.Build.0 = Release|Any CPU
		{DD602A10-F008-406E-9BF7-4CB82F52C248}.Debug|Any CPU.ActiveCfg = Debug|Any CPU
		{DD602A10-F008-406E-9BF7-4CB82F52C248}.Debug|Any CPU.Build.0 = Debug|Any CPU
		{DD602A10-F008-406E-9BF7-4CB82F52C248}.Release|Any CPU.ActiveCfg = Release|Any CPU
		{DD602A10-F008-406E-9BF7-4CB82F52C248}.Release|Any CPU.Build.0 = Release|Any CPU
	EndGlobalSection
	GlobalSection(SolutionProperties) = preSolution
		HideSolutionNode = FALSE
	EndGlobalSection
	GlobalSection(ExtensibilityGlobals) = postSolution
		SolutionGuid = {B80EA5D3-AF7F-45F5-9B40-C9CA8056DD9F}
	EndGlobalSection
EndGlobal
